
Microsoft Visual Studio Solution File, Format Version 12.00
# Visual Studio Version 17
VisualStudioVersion = 17.4.33205.214
MinimumVisualStudioVersion = 10.0.40219.1
Project("{FAE04EC0-301F-11D3-BF4B-00C04F79EFBC}") = "Week1Server", "Week1Server\Week1Server.csproj", "{38F951EB-D06B-47F3-A0A6-70C56B2F0135}"
EndProject
Global
	GlobalSection(SolutionConfigurationPlatforms) = preSolution
		Debug|Any CPU = Debug|Any CPU
		Release|Any CPU = Release|Any CPU
	EndGlobalSection
	GlobalSection(ProjectConfigurationPlatforms) = postSolution
		{38F951EB-D06B-47F3-A0A6-70C56B2F0135}.Debug|Any CPU.ActiveCfg = Debug|Any CPU
		{38F951EB-D06B-47F3-A0A6-70C56B2F0135}.Debug|Any CPU.Build.0 = Debug|Any CPU
		{38F951EB-D06B-47F3-A0A6-70C56B2F0135}.Release|Any CPU.ActiveCfg = Release|Any CPU
		{38F951EB-D06B-47F3-A0A6-70C56B2F0135}.Release|Any CPU.Build.0 = Release|Any CPU
	EndGlobalSection
	GlobalSection(SolutionProperties) = preSolution
		HideSolutionNode = FALSE
	EndGlobalSection
	GlobalSection(ExtensibilityGlobals) = postSolution
		SolutionGuid = {CBBCD987-BAFD-4FBD-922B-17311F90EF36}
	EndGlobalSection
EndGlobal
